
Microsoft Visual Studio Solution File, Format Version 12.00
# Visual Studio Version 17
VisualStudioVersion = 17.9.34728.123
MinimumVisualStudioVersion = 10.0.40219.1
Project("{FAE04EC0-301F-11D3-BF4B-00C04F79EFBC}") = "MongoDb.NetCore", "MongoDb.NetCore\MongoDb.NetCore.csproj", "{108A4871-32C6-43DC-91DA-8DFA63F4BF78}"
EndProject
Project("{FAE04EC0-301F-11D3-BF4B-00C04F79EFBC}") = "MongoDb.Core", "..\MongoDb.Core\MongoDb.Core.csproj", "{7421E2A4-AD54-4E97-8440-C4B3BEA53D95}"
EndProject
Global
	GlobalSection(SolutionConfigurationPlatforms) = preSolution
		Debug|Any CPU = Debug|Any CPU
		Release|Any CPU = Release|Any CPU
	EndGlobalSection
	GlobalSection(ProjectConfigurationPlatforms) = postSolution
		{108A4871-32C6-43DC-91DA-8DFA63F4BF78}.Debug|Any CPU.ActiveCfg = Debug|Any CPU
		{108A4871-32C6-43DC-91DA-8DFA63F4BF78}.Debug|Any CPU.Build.0 = Debug|Any CPU
		{108A4871-32C6-43DC-91DA-8DFA63F4BF78}.Release|Any CPU.ActiveCfg = Release|Any CPU
		{108A4871-32C6-43DC-91DA-8DFA63F4BF78}.Release|Any CPU.Build.0 = Release|Any CPU
		{7421E2A4-AD54-4E97-8440-C4B3BEA53D95}.Debug|Any CPU.ActiveCfg = Debug|Any CPU
		{7421E2A4-AD54-4E97-8440-C4B3BEA53D95}.Debug|Any CPU.Build.0 = Debug|Any CPU
		{7421E2A4-AD54-4E97-8440-C4B3BEA53D95}.Release|Any CPU.ActiveCfg = Release|Any CPU
		{7421E2A4-AD54-4E97-8440-C4B3BEA53D95}.Release|Any CPU.Build.0 = Release|Any CPU
	EndGlobalSection
	GlobalSection(SolutionProperties) = preSolution
		HideSolutionNode = FALSE
	EndGlobalSection
	GlobalSection(ExtensibilityGlobals) = postSolution
		SolutionGuid = {DAC8A841-A169-4206-AECD-993102308B62}
	EndGlobalSection
EndGlobal
